
Microsoft Visual Studio Solution File, Format Version 12.00
# Visual Studio Version 17
VisualStudioVersion = 17.14.36203.30 d17.14
MinimumVisualStudioVersion = 10.0.40219.1
Project("{8BC9CEB8-8B4A-11D0-8D11-00A0C91BC942}") = "Project_8.3", "Project_8.3.vcxproj", "{0552AAE5-F47D-4CA1-9843-E6A241FF0487}"
EndProject
Global
	GlobalSection(SolutionConfigurationPlatforms) = preSolution
		Debug|x64 = Debug|x64
		Debug|x86 = Debug|x86
		Release|x64 = Release|x64
		Release|x86 = Release|x86
	EndGlobalSection
	GlobalSection(ProjectConfigurationPlatforms) = postSolution
		{0552AAE5-F47D-4CA1-9843-E6A241FF0487}.Debug|x64.ActiveCfg = Debug|x64
		{0552AAE5-F47D-4CA1-9843-E6A241FF0487}.Debug|x64.Build.0 = Debug|x64
		{0552AAE5-F47D-4CA1-9843-E6A241FF0487}.Debug|x86.ActiveCfg = Debug|Win32
		{0552AAE5-F47D-4CA1-9843-E6A241FF0487}.Debug|x86.Build.0 = Debug|Win32
		{0552AAE5-F47D-4CA1-9843-E6A241FF0487}.Release|x64.ActiveCfg = Release|x64
		{0552AAE5-F47D-4CA1-9843-E6A241FF0487}.Release|x64.Build.0 = Release|x64
		{0552AAE5-F47D-4CA1-9843-E6A241FF0487}.Release|x86.ActiveCfg = Release|Win32
		{0552AAE5-F47D-4CA1-9843-E6A241FF0487}.Release|x86.Build.0 = Release|Win32
	EndGlobalSection
	GlobalSection(SolutionProperties) = preSolution
		HideSolutionNode = FALSE
	EndGlobalSection
	GlobalSection(ExtensibilityGlobals) = postSolution
		SolutionGuid = {1E2330AD-795F-4964-B622-060B43D85CD6}
	EndGlobalSection
EndGlobal
